// !$*UTF8*$!
{
	archiveVersion = 1;
	classes = {
	};
	objectVersion = 50;
	objects = {

/* Begin PBXBuildFile section */
		3095F10123713F9F00ADF1AF /* AppDelegate.swift in Sources */ = {isa = PBXBuildFile; fileRef = 3095F10023713F9F00ADF1AF /* AppDelegate.swift */; };
		3095F10323713F9F00ADF1AF /* ViewController.swift in Sources */ = {isa = PBXBuildFile; fileRef = 3095F10223713F9F00ADF1AF /* ViewController.swift */; };
		3095F10623713F9F00ADF1AF /* Main.storyboard in Resources */ = {isa = PBXBuildFile; fileRef = 3095F10423713F9F00ADF1AF /* Main.storyboard */; };
		3095F10823713FA300ADF1AF /* Assets.xcassets in Resources */ = {isa = PBXBuildFile; fileRef = 3095F10723713FA300ADF1AF /* Assets.xcassets */; };
		3095F10B23713FA300ADF1AF /* LaunchScreen.storyboard in Resources */ = {isa = PBXBuildFile; fileRef = 3095F10923713FA300ADF1AF /* LaunchScreen.storyboard */; };
		3095F113237143C900ADF1AF /* test1ViewController.swift in Sources */ = {isa = PBXBuildFile; fileRef = 3095F112237143C900ADF1AF /* test1ViewController.swift */; };
/* End PBXBuildFile section */

/* Begin PBXFileReference section */
		3095F0FD23713F9F00ADF1AF /* shareByGit.app */ = {isa = PBXFileReference; explicitFileType = wrapper.application; includeInIndex = 0; path = shareByGit.app; sourceTree = BUILT_PRODUCTS_DIR; };
		3095F10023713F9F00ADF1AF /* AppDelegate.swift */ = {isa = PBXFileReference; lastKnownFileType = sourcecode.swift; path = AppDelegate.swift; sourceTree = "<group>"; };
		3095F10223713F9F00ADF1AF /* ViewController.swift */ = {isa = PBXFileReference; lastKnownFileType = sourcecode.swift; path = ViewController.swift; sourceTree = "<group>"; };
		3095F10523713F9F00ADF1AF /* Base */ = {isa = PBXFileReference; lastKnownFileType = file.storyboard; name = Base; path = Base.lproj/Main.storyboard; sourceTree = "<group>"; };
		3095F10723713FA300ADF1AF /* Assets.xcassets */ = {isa = PBXFileReference; lastKnownFileType = folder.assetcatalog; path = Assets.xcassets; sourceTree = "<group>"; };
		3095F10A23713FA300ADF1AF /* Base */ = {isa = PBXFileReference; lastKnownFileType = file.storyboard; name = Base; path = Base.lproj/LaunchScreen.storyboard; sourceTree = "<group>"; };
		3095F10C23713FA300ADF1AF /* Info.plist */ = {isa = PBXFileReference; lastKnownFileType = text.plist.xml; path = Info.plist; sourceTree = "<group>"; };
		3095F112237143C900ADF1AF /* test1ViewController.swift */ = {isa = PBXFileReference; lastKnownFileType = sourcecode.swift; path = test1ViewController.swift; sourceTree = "<group>"; };
/* End PBXFileReference section */

/* Begin PBXFrameworksBuildPhase section */
		3095F0FA23713F9F00ADF1AF /* Frameworks */ = {
			isa = PBXFrameworksBuildPhase;
			buildActionMask = 2147483647;
			files = (
			);
			runOnlyForDeploymentPostprocessing = 0;
		};
/* End PBXFrameworksBuildPhase section */

/* Begin PBXGroup section */
		3095F0F423713F9F00ADF1AF = {
			isa = PBXGroup;
			children = (
				3095F0FF23713F9F00ADF1AF /* shareByGit */,
				3095F0FE23713F9F00ADF1AF /* Products */,
			);
			sourceTree = "<group>";
		};
		3095F0FE23713F9F00ADF1AF /* Products */ = {
			isa = PBXGroup;
			children = (
				3095F0FD23713F9F00ADF1AF /* shareByGit.app */,
			);
			name = Products;
			sourceTree = "<group>";
		};
		3095F0FF23713F9F00ADF1AF /* shareByGit */ = {
			isa = PBXGroup;
			children = (
				3095F10023713F9F00ADF1AF /* AppDelegate.swift */,
				3095F10223713F9F00ADF1AF /* ViewController.swift */,
				3095F10423713F9F00ADF1AF /* Main.storyboard */,
				3095F112237143C900ADF1AF /* test1ViewController.swift */,
				3095F10723713FA300ADF1AF /* Assets.xcassets */,
				3095F10923713FA300ADF1AF /* LaunchScreen.storyboard */,
				3095F10C23713FA300ADF1AF /* Info.plist */,
			);
			path = shareByGit;
			sourceTree = "<group>";
		};
/* End PBXGroup section */

/* Begin PBXNativeTarget section */
		3095F0FC23713F9F00ADF1AF /* shareByGit */ = {
			isa = PBXNativeTarget;
			buildConfigurationList = 3095F10F23713FA300ADF1AF /* Build configuration list for PBXNativeTarget "shareByGit" */;
			buildPhases = (
				3095F0F923713F9F00ADF1AF /* Sources */,
				3095F0FA23713F9F00ADF1AF /* Frameworks */,
				3095F0FB23713F9F00ADF1AF /* Resources */,
			);
			buildRules = (
			);
			dependencies = (
			);
			name = shareByGit;
			productName = shareByGit;
			productReference = 3095F0FD23713F9F00ADF1AF /* shareByGit.app */;
			productType = "com.apple.product-type.application";
		};
/* End PBXNativeTarget section */

/* Begin PBXProject section */
		3095F0F523713F9F00ADF1AF /* Project object */ = {
			isa = PBXProject;
			attributes = {
				LastSwiftUpdateCheck = 1030;
				LastUpgradeCheck = 1030;
				ORGANIZATIONNAME = fengyuxiang;
				TargetAttributes = {
					3095F0FC23713F9F00ADF1AF = {
						CreatedOnToolsVersion = 10.3;
					};
				};
			};
			buildConfigurationList = 3095F0F823713F9F00ADF1AF /* Build configuration list for PBXProject "shareByGit" */;
			compatibilityVersion = "Xcode 9.3";
			developmentRegion = en;
			hasScannedForEncodings = 0;
			knownRegions = (
				en,
				Base,
			);
			mainGroup = 3095F0F423713F9F00ADF1AF;
			productRefGroup = 3095F0FE23713F9F00ADF1AF /* Products */;
			projectDirPath = "";
			projectRoot = "";
			targets = (
				3095F0FC23713F9F00ADF1AF /* shareByGit */,
			);
		};
/* End PBXProject section */

/* Begin PBXResourcesBuildPhase section */
		3095F0FB23713F9F00ADF1AF /* Resources */ = {
			isa = PBXResourcesBuildPhase;
			buildActionMask = 2147483647;
			files = (
				3095F10B23713FA300ADF1AF /* LaunchScreen.storyboard in Resources */,
				3095F10823713FA300ADF1AF /* Assets.xcassets in Resources */,
				3095F10623713F9F00ADF1AF /* Main.storyboard in Resources */,
			);
			runOnlyForDeploymentPostprocessing = 0;
		};
/* End PBXResourcesBuildPhase section */

/* Begin PBXSourcesBuildPhase section */
		3095F0F923713F9F00ADF1AF /* Sources */ = {
			isa = PBXSourcesBuildPhase;
			buildActionMask = 2147483647;
			files = (
				3095F10323713F9F00ADF1AF /* ViewController.swift in Sources */,
				3095F10123713F9F00ADF1AF /* AppDelegate.swift in Sources */,
				3095F113237143C900ADF1AF /* test1ViewController.swift in Sources */,
			);
			runOnlyForDeploymentPostprocessing = 0;
		};
/* End PBXSourcesBuildPhase section */

/* Begin PBXVariantGroup section */
		3095F10423713F9F00ADF1AF /* Main.storyboard */ = {
			isa = PBXVariantGroup;
			children = (
				3095F10523713F9F00ADF1AF /* Base */,
			);
			name = Main.storyboard;
			sourceTree = "<group>";
		};
		3095F10923713FA300ADF1AF /* LaunchScreen.storyboard */ = {
			isa = PBXVariantGroup;
			children = (
				3095F10A23713FA300ADF1AF /* Base */,
			);
			name = LaunchScreen.storyboard;
			sourceTree = "<group>";
		};
/* End PBXVariantGroup section */

/* Begin XCBuildConfiguration section */
		3095F10D23713FA300ADF1AF /* Debug */ = {
			isa = XCBuildConfiguration;
			buildSettings = {
				ALWAYS_SEARCH_USER_PATHS = NO;
				CLANG_ANALYZER_NONNULL = YES;
				CLANG_ANALYZER_NUMBER_OBJECT_CONVERSION = YES_AGGRESSIVE;
				CLANG_CXX_LANGUAGE_STANDARD = "gnu++14";
				CLANG_CXX_LIBRARY = "libc++";
				CLANG_ENABLE_MODULES = YES;
				CLANG_ENABLE_OBJC_ARC = YES;
				CLANG_ENABLE_OBJC_WEAK = YES;
				CLANG_WARN_BLOCK_CAPTURE_AUTORELEASING = YES;
				CLANG_WARN_BOOL_CONVERSION = YES;
				CLANG_WARN_COMMA = YES;
				CLANG_WARN_CONSTANT_CONVERSION = YES;
				CLANG_WARN_DEPRECATED_OBJC_IMPLEMENTATIONS = YES;
				CLANG_WARN_DIRECT_OBJC_ISA_USAGE = YES_ERROR;
				CLANG_WARN_DOCUMENTATION_COMMENTS = YES;
				CLANG_WARN_EMPTY_BODY = YES;
				CLANG_WARN_ENUM_CONVERSION = YES;
				CLANG_WARN_INFINITE_RECURSION = YES;
				CLANG_WARN_INT_CONVERSION = YES;
				CLANG_WARN_NON_LITERAL_NULL_CONVERSION = YES;
				CLANG_WARN_OBJC_IMPLICIT_RETAIN_SELF = YES;
				CLANG_WARN_OBJC_LITERAL_CONVERSION = YES;
				CLANG_WARN_OBJC_ROOT_CLASS = YES_ERROR;
				CLANG_WARN_RANGE_LOOP_ANALYSIS = YES;
				CLANG_WARN_STRICT_PROTOTYPES = YES;
				CLANG_WARN_SUSPICIOUS_MOVE = YES;
				CLANG_WARN_UNGUARDED_AVAILABILITY = YES_AGGRESSIVE;
				CLANG_WARN_UNREACHABLE_CODE = YES;
				CLANG_WARN__DUPLICATE_METHOD_MATCH = YES;
				CODE_SIGN_IDENTITY = "iPhone Developer";
				COPY_PHASE_STRIP = NO;
				DEBUG_INFORMATION_FORMAT = dwarf;
				ENABLE_STRICT_OBJC_MSGSEND = YES;
				ENABLE_TESTABILITY = YES;
				GCC_C_LANGUAGE_STANDARD = gnu11;
				GCC_DYNAMIC_NO_PIC = NO;
				GCC_NO_COMMON_BLOCKS = YES;
				GCC_OPTIMIZATION_LEVEL = 0;
				GCC_PREPROCESSOR_DEFINITIONS = (
					"DEBUG=1",
					"$(inherited)",
				);
				GCC_WARN_64_TO_32_BIT_CONVERSION = YES;
				GCC_WARN_ABOUT_RETURN_TYPE = YES_ERROR;
				GCC_WARN_UNDECLARED_SELECTOR = YES;
				GCC_WARN_UNINITIALIZED_AUTOS = YES_AGGRESSIVE;
				GCC_WARN_UNUSED_FUNCTION = YES;
				GCC_WARN_UNUSED_VARIABLE = YES;
				IPHONEOS_DEPLOYMENT_TARGET = 12.4;
				MTL_ENABLE_DEBUG_INFO = INCLUDE_SOURCE;
				MTL_FAST_MATH = YES;
				ONLY_ACTIVE_ARCH = YES;
				SDKROOT = iphoneos;
				SWIFT_ACTIVE_COMPILATION_CONDITIONS = DEBUG;
				SWIFT_OPTIMIZATION_LEVEL = "-Onone";
			};
			name = Debug;
		};
		3095F10E23713FA300ADF1AF /* Release */ = {
			isa = XCBuildConfiguration;
			buildSettings = {
				ALWAYS_SEARCH_USER_PATHS = NO;
				CLANG_ANALYZER_NONNULL = YES;
				CLANG_ANALYZER_NUMBER_OBJECT_CONVERSION = YES_AGGRESSIVE;
				CLANG_CXX_LANGUAGE_STANDARD = "gnu++14";
				CLANG_CXX_LIBRARY = "libc++";
				CLANG_ENABLE_MODULES = YES;
				CLANG_ENABLE_OBJC_ARC = YES;
				CLANG_ENABLE_OBJC_WEAK = YES;
				CLANG_WARN_BLOCK_CAPTURE_AUTORELEASING = YES;
				CLANG_WARN_BOOL_CONVERSION = YES;
				CLANG_WARN_COMMA = YES;
				CLANG_WARN_CONSTANT_CONVERSION = YES;
				CLANG_WARN_DEPRECATED_OBJC_IMPLEMENTATIONS = YES;
				CLANG_WARN_DIRECT_OBJC_ISA_USAGE = YES_ERROR;
				CLANG_WARN_DOCUMENTATION_COMMENTS = YES;
				CLANG_WARN_EMPTY_BODY = YES;
				CLANG_WARN_ENUM_CONVERSION = YES;
				CLANG_WARN_INFINITE_RECURSION = YES;
				CLANG_WARN_INT_CONVERSION = YES;
				CLANG_WARN_NON_LITERAL_NULL_CONVERSION = YES;
				CLANG_WARN_OBJC_IMPLICIT_RETAIN_SELF = YES;
				CLANG_WARN_OBJC_LITERAL_CONVERSION = YES;
				CLANG_WARN_OBJC_ROOT_CLASS = YES_ERROR;
				CLANG_WARN_RANGE_LOOP_ANALYSIS = YES;
				CLANG_WARN_STRICT_PROTOTYPES = YES;
				CLANG_WARN_SUSPICIOUS_MOVE = YES;
				CLANG_WARN_UNGUARDED_AVAILABILITY = YES_AGGRESSIVE;
				CLANG_WARN_UNREACHABLE_CODE = YES;
				CLANG_WARN__DUPLICATE_METHOD_MATCH = YES;
				CODE_SIGN_IDENTITY = "iPhone Developer";
				COPY_PHASE_STRIP = NO;
				DEBUG_INFORMATION_FORMAT = "dwarf-with-dsym";
				ENABLE_NS_ASSERTIONS = NO;
				ENABLE_STRICT_OBJC_MSGSEND = YES;
				GCC_C_LANGUAGE_STANDARD = gnu11;
				GCC_NO_COMMON_BLOCKS = YES;
				GCC_WARN_64_TO_32_BIT_CONVERSION = YES;
				GCC_WARN_ABOUT_RETURN_TYPE = YES_ERROR;
				GCC_WARN_UNDECLARED_SELECTOR = YES;
				GCC_WARN_UNINITIALIZED_AUTOS = YES_AGGRESSIVE;
				GCC_WARN_UNUSED_FUNCTION = YES;
				GCC_WARN_UNUSED_VARIABLE = YES;
				IPHONEOS_DEPLOYMENT_TARGET = 12.4;
				MTL_ENABLE_DEBUG_INFO = NO;
				MTL_FAST_MATH = YES;
				SDKROOT = iphoneos;
				SWIFT_COMPILATION_MODE = wholemodule;
				SWIFT_OPTIMIZATION_LEVEL = "-O";
				VALIDATE_PRODUCT = YES;
			};
			name = Release;
		};
		3095F11023713FA300ADF1AF /* Debug */ = {
			isa = XCBuildConfiguration;
			buildSettings = {
				ASSETCATALOG_COMPILER_APPICON_NAME = AppIcon;
				CODE_SIGN_STYLE = Automatic;
				DEVELOPMENT_TEAM = R3X86GBYWD;
				INFOPLIST_FILE = shareByGit/Info.plist;
				LD_RUNPATH_SEARCH_PATHS = (
					"$(inherited)",
					"@executable_path/Frameworks",
				);
				PRODUCT_BUNDLE_IDENTIFIER = scut.sse.shareByGit;
				PRODUCT_NAME = "$(TARGET_NAME)";
				SWIFT_VERSION = 5.0;
				TARGETED_DEVICE_FAMILY = "1,2";
			};
			name = Debug;
		};
		3095F11123713FA300ADF1AF /* Release */ = {
			isa = XCBuildConfiguration;
			buildSettings = {
				ASSETCATALOG_COMPILER_APPICON_NAME = AppIcon;
				CODE_SIGN_STYLE = Automatic;
				DEVELOPMENT_TEAM = R3X86GBYWD;
				INFOPLIST_FILE = shareByGit/Info.plist;
				LD_RUNPATH_SEARCH_PATHS = (
					"$(inherited)",
					"@executable_path/Frameworks",
				);
				PRODUCT_BUNDLE_IDENTIFIER = scut.sse.shareByGit;
				PRODUCT_NAME = "$(TARGET_NAME)";
				SWIFT_VERSION = 5.0;
				TARGETED_DEVICE_FAMILY = "1,2";
			};
			name = Release;
		};
/* End XCBuildConfiguration section */

/* Begin XCConfigurationList section */
		3095F0F823713F9F00ADF1AF /* Build configuration list for PBXProject "shareByGit" */ = {
			isa = XCConfigurationList;
			buildConfigurations = (
				3095F10D23713FA300ADF1AF /* Debug */,
				3095F10E23713FA300ADF1AF /* Release */,
			);
			defaultConfigurationIsVisible = 0;
			defaultConfigurationName = Release;
		};
		3095F10F23713FA300ADF1AF /* Build configuration list for PBXNativeTarget "shareByGit" */ = {
			isa = XCConfigurationList;
			buildConfigurations = (
				3095F11023713FA300ADF1AF /* Debug */,
				3095F11123713FA300ADF1AF /* Release */,
			);
			defaultConfigurationIsVisible = 0;
			defaultConfigurationName = Release;
		};
/* End XCConfigurationList section */
	};
	rootObject = 3095F0F523713F9F00ADF1AF /* Project object */;
}
